// !$*UTF8*$!
{
	archiveVersion = 1;
	classes = {
	};
	objectVersion = 50;
	objects = {

/* Begin PBXBuildFile section */
		D045695A24F15E540091AB7B /* MyFriendsCell.swift in Sources */ = {isa = PBXBuildFile; fileRef = D045695924F15E540091AB7B /* MyFriendsCell.swift */; };
		D045695D24F162830091AB7B /* FriendsViewController.swift in Sources */ = {isa = PBXBuildFile; fileRef = D045695C24F162830091AB7B /* FriendsViewController.swift */; };
		D045696024F1829E0091AB7B /* MyGroupsCell.swift in Sources */ = {isa = PBXBuildFile; fileRef = D045695F24F1829E0091AB7B /* MyGroupsCell.swift */; };
		D045696324F189670091AB7B /* MyGroupsViewController.swift in Sources */ = {isa = PBXBuildFile; fileRef = D045696224F189670091AB7B /* MyGroupsViewController.swift */; };
		D045696624F276A50091AB7B /* NewGroupsCell.swift in Sources */ = {isa = PBXBuildFile; fileRef = D045696524F276A50091AB7B /* NewGroupsCell.swift */; };
		D045696824F276CC0091AB7B /* NewGroupsViewController.swift in Sources */ = {isa = PBXBuildFile; fileRef = D045696724F276CC0091AB7B /* NewGroupsViewController.swift */; };
		D045696B24F29BED0091AB7B /* PhotoFriendCell.swift in Sources */ = {isa = PBXBuildFile; fileRef = D045696A24F29BED0091AB7B /* PhotoFriendCell.swift */; };
		D045696D24F29C410091AB7B /* PhotoFriendViewController.swift in Sources */ = {isa = PBXBuildFile; fileRef = D045696C24F29C410091AB7B /* PhotoFriendViewController.swift */; };
		D045697024F2F5E90091AB7B /* User.swift in Sources */ = {isa = PBXBuildFile; fileRef = D045696F24F2F5E90091AB7B /* User.swift */; };
		D045697324F2F60B0091AB7B /* Group.swift in Sources */ = {isa = PBXBuildFile; fileRef = D045697224F2F60B0091AB7B /* Group.swift */; };
		D04E0E2424FD03C100E2DA06 /* LikeControl.swift in Sources */ = {isa = PBXBuildFile; fileRef = D04E0E2324FD03C100E2DA06 /* LikeControl.swift */; };
		D0C1749E24E81C76008B0554 /* AppDelegate.swift in Sources */ = {isa = PBXBuildFile; fileRef = D0C1749D24E81C76008B0554 /* AppDelegate.swift */; };
		D0C174A024E81C76008B0554 /* SceneDelegate.swift in Sources */ = {isa = PBXBuildFile; fileRef = D0C1749F24E81C76008B0554 /* SceneDelegate.swift */; };
		D0C174A224E81C76008B0554 /* ViewController.swift in Sources */ = {isa = PBXBuildFile; fileRef = D0C174A124E81C76008B0554 /* ViewController.swift */; };
		D0C174A524E81C76008B0554 /* Main.storyboard in Resources */ = {isa = PBXBuildFile; fileRef = D0C174A324E81C76008B0554 /* Main.storyboard */; };
		D0C174A724E81C7B008B0554 /* Assets.xcassets in Resources */ = {isa = PBXBuildFile; fileRef = D0C174A624E81C7B008B0554 /* Assets.xcassets */; };
		D0C174AA24E81C7B008B0554 /* LaunchScreen.storyboard in Resources */ = {isa = PBXBuildFile; fileRef = D0C174A824E81C7B008B0554 /* LaunchScreen.storyboard */; };
		D0D5D0262553ECEF004CE174 /* AvatarView.swift in Sources */ = {isa = PBXBuildFile; fileRef = D0D5D0252553ECEF004CE174 /* AvatarView.swift */; };
		D0D5D029255458FC004CE174 /* LetterPicker.swift in Sources */ = {isa = PBXBuildFile; fileRef = D0D5D028255458FC004CE174 /* LetterPicker.swift */; };
		D0D5D030255475E7004CE174 /* HomePageViewController.swift in Sources */ = {isa = PBXBuildFile; fileRef = D0D5D02F255475E7004CE174 /* HomePageViewController.swift */; };
		D0D5D034255475F8004CE174 /* HomePageCell.swift in Sources */ = {isa = PBXBuildFile; fileRef = D0D5D033255475F8004CE174 /* HomePageCell.swift */; };
		D0D5D03C2559ECE5004CE174 /* SearchView.swift in Sources */ = {isa = PBXBuildFile; fileRef = D0D5D03B2559ECE5004CE174 /* SearchView.swift */; };
/* End PBXBuildFile section */

/* Begin PBXFileReference section */
		D045695924F15E540091AB7B /* MyFriendsCell.swift */ = {isa = PBXFileReference; lastKnownFileType = sourcecode.swift; path = MyFriendsCell.swift; sourceTree = "<group>"; };
		D045695C24F162830091AB7B /* FriendsViewController.swift */ = {isa = PBXFileReference; lastKnownFileType = sourcecode.swift; path = FriendsViewController.swift; sourceTree = "<group>"; };
		D045695F24F1829E0091AB7B /* MyGroupsCell.swift */ = {isa = PBXFileReference; lastKnownFileType = sourcecode.swift; path = MyGroupsCell.swift; sourceTree = "<group>"; };
		D045696224F189670091AB7B /* MyGroupsViewController.swift */ = {isa = PBXFileReference; lastKnownFileType = sourcecode.swift; path = MyGroupsViewController.swift; sourceTree = "<group>"; };
		D045696524F276A50091AB7B /* NewGroupsCell.swift */ = {isa = PBXFileReference; lastKnownFileType = sourcecode.swift; path = NewGroupsCell.swift; sourceTree = "<group>"; };
		D045696724F276CC0091AB7B /* NewGroupsViewController.swift */ = {isa = PBXFileReference; lastKnownFileType = sourcecode.swift; path = NewGroupsViewController.swift; sourceTree = "<group>"; };
		D045696A24F29BED0091AB7B /* PhotoFriendCell.swift */ = {isa = PBXFileReference; lastKnownFileType = sourcecode.swift; path = PhotoFriendCell.swift; sourceTree = "<group>"; };
		D045696C24F29C410091AB7B /* PhotoFriendViewController.swift */ = {isa = PBXFileReference; lastKnownFileType = sourcecode.swift; path = PhotoFriendViewController.swift; sourceTree = "<group>"; };
		D045696F24F2F5E90091AB7B /* User.swift */ = {isa = PBXFileReference; lastKnownFileType = sourcecode.swift; path = User.swift; sourceTree = "<group>"; };
		D045697224F2F60B0091AB7B /* Group.swift */ = {isa = PBXFileReference; lastKnownFileType = sourcecode.swift; path = Group.swift; sourceTree = "<group>"; };
		D04E0E2324FD03C100E2DA06 /* LikeControl.swift */ = {isa = PBXFileReference; lastKnownFileType = sourcecode.swift; path = LikeControl.swift; sourceTree = "<group>"; };
		D0C1749A24E81C76008B0554 /* VK.app */ = {isa = PBXFileReference; explicitFileType = wrapper.application; includeInIndex = 0; path = VK.app; sourceTree = BUILT_PRODUCTS_DIR; };
		D0C1749D24E81C76008B0554 /* AppDelegate.swift */ = {isa = PBXFileReference; lastKnownFileType = sourcecode.swift; path = AppDelegate.swift; sourceTree = "<group>"; };
		D0C1749F24E81C76008B0554 /* SceneDelegate.swift */ = {isa = PBXFileReference; lastKnownFileType = sourcecode.swift; path = SceneDelegate.swift; sourceTree = "<group>"; };
		D0C174A124E81C76008B0554 /* ViewController.swift */ = {isa = PBXFileReference; lastKnownFileType = sourcecode.swift; path = ViewController.swift; sourceTree = "<group>"; };
		D0C174A424E81C76008B0554 /* Base */ = {isa = PBXFileReference; lastKnownFileType = file.storyboard; name = Base; path = Base.lproj/Main.storyboard; sourceTree = "<group>"; };
		D0C174A624E81C7B008B0554 /* Assets.xcassets */ = {isa = PBXFileReference; lastKnownFileType = folder.assetcatalog; path = Assets.xcassets; sourceTree = "<group>"; };
		D0C174A924E81C7B008B0554 /* Base */ = {isa = PBXFileReference; lastKnownFileType = file.storyboard; name = Base; path = Base.lproj/LaunchScreen.storyboard; sourceTree = "<group>"; };
		D0C174AB24E81C7B008B0554 /* Info.plist */ = {isa = PBXFileReference; lastKnownFileType = text.plist.xml; path = Info.plist; sourceTree = "<group>"; };
		D0D5D0252553ECEF004CE174 /* AvatarView.swift */ = {isa = PBXFileReference; lastKnownFileType = sourcecode.swift; path = AvatarView.swift; sourceTree = "<group>"; };
		D0D5D028255458FC004CE174 /* LetterPicker.swift */ = {isa = PBXFileReference; lastKnownFileType = sourcecode.swift; path = LetterPicker.swift; sourceTree = "<group>"; };
		D0D5D02F255475E7004CE174 /* HomePageViewController.swift */ = {isa = PBXFileReference; lastKnownFileType = sourcecode.swift; path = HomePageViewController.swift; sourceTree = "<group>"; };
		D0D5D033255475F8004CE174 /* HomePageCell.swift */ = {isa = PBXFileReference; lastKnownFileType = sourcecode.swift; path = HomePageCell.swift; sourceTree = "<group>"; };
		D0D5D03B2559ECE5004CE174 /* SearchView.swift */ = {isa = PBXFileReference; lastKnownFileType = sourcecode.swift; path = SearchView.swift; sourceTree = "<group>"; };
/* End PBXFileReference section */

/* Begin PBXFrameworksBuildPhase section */
		D0C1749724E81C76008B0554 /* Frameworks */ = {
			isa = PBXFrameworksBuildPhase;
			buildActionMask = 2147483647;
			files = (
			);
			runOnlyForDeploymentPostprocessing = 0;
		};
/* End PBXFrameworksBuildPhase section */

/* Begin PBXGroup section */
		D045695B24F162530091AB7B /* Friends */ = {
			isa = PBXGroup;
			children = (
				D045695924F15E540091AB7B /* MyFriendsCell.swift */,
				D045695C24F162830091AB7B /* FriendsViewController.swift */,
			);
			path = Friends;
			sourceTree = "<group>";
		};
		D045695E24F182670091AB7B /* MyGroups */ = {
			isa = PBXGroup;
			children = (
				D045695F24F1829E0091AB7B /* MyGroupsCell.swift */,
				D045696224F189670091AB7B /* MyGroupsViewController.swift */,
			);
			path = MyGroups;
			sourceTree = "<group>";
		};
		D045696424F276890091AB7B /* NewGroups */ = {
			isa = PBXGroup;
			children = (
				D045696524F276A50091AB7B /* NewGroupsCell.swift */,
				D045696724F276CC0091AB7B /* NewGroupsViewController.swift */,
			);
			path = NewGroups;
			sourceTree = "<group>";
		};
		D045696924F29BBA0091AB7B /* PhotoOfMyFriend */ = {
			isa = PBXGroup;
			children = (
				D045696A24F29BED0091AB7B /* PhotoFriendCell.swift */,
				D045696C24F29C410091AB7B /* PhotoFriendViewController.swift */,
			);
			path = PhotoOfMyFriend;
			sourceTree = "<group>";
		};
		D045696E24F2F5C80091AB7B /* Model */ = {
			isa = PBXGroup;
			children = (
				D045696F24F2F5E90091AB7B /* User.swift */,
				D045697224F2F60B0091AB7B /* Group.swift */,
			);
			path = Model;
			sourceTree = "<group>";
		};
		D0C1749124E81C76008B0554 = {
			isa = PBXGroup;
			children = (
				D0C1749C24E81C76008B0554 /* VK */,
				D0C1749B24E81C76008B0554 /* Products */,
			);
			sourceTree = "<group>";
		};
		D0C1749B24E81C76008B0554 /* Products */ = {
			isa = PBXGroup;
			children = (
				D0C1749A24E81C76008B0554 /* VK.app */,
			);
			name = Products;
			sourceTree = "<group>";
		};
		D0C1749C24E81C76008B0554 /* VK */ = {
			isa = PBXGroup;
			children = (
				D0C1749D24E81C76008B0554 /* AppDelegate.swift */,
				D0C1749F24E81C76008B0554 /* SceneDelegate.swift */,
				D0C174A124E81C76008B0554 /* ViewController.swift */,
				D0C174A324E81C76008B0554 /* Main.storyboard */,
				D0C174A824E81C7B008B0554 /* LaunchScreen.storyboard */,
				D0C174A624E81C7B008B0554 /* Assets.xcassets */,
				D0C174AB24E81C7B008B0554 /* Info.plist */,
				D045696E24F2F5C80091AB7B /* Model */,
				D0D5D02E255475B6004CE174 /* HomePage */,
				D045695B24F162530091AB7B /* Friends */,
				D045696924F29BBA0091AB7B /* PhotoOfMyFriend */,
				D045696424F276890091AB7B /* NewGroups */,
				D045695E24F182670091AB7B /* MyGroups */,
				D0D5D02B25547596004CE174 /* Custom */,
			);
			path = VK;
			sourceTree = "<group>";
		};
		D0D5D02B25547596004CE174 /* Custom */ = {
			isa = PBXGroup;
			children = (
				D0D5D028255458FC004CE174 /* LetterPicker.swift */,
				D04E0E2324FD03C100E2DA06 /* LikeControl.swift */,
				D0D5D0252553ECEF004CE174 /* AvatarView.swift */,
				D0D5D03B2559ECE5004CE174 /* SearchView.swift */,
			);
			path = Custom;
			sourceTree = "<group>";
		};
		D0D5D02E255475B6004CE174 /* HomePage */ = {
			isa = PBXGroup;
			children = (
				D0D5D02F255475E7004CE174 /* HomePageViewController.swift */,
				D0D5D033255475F8004CE174 /* HomePageCell.swift */,
			);
			path = HomePage;
			sourceTree = "<group>";
		};
/* End PBXGroup section */

/* Begin PBXNativeTarget section */
		D0C1749924E81C76008B0554 /* VK */ = {
			isa = PBXNativeTarget;
			buildConfigurationList = D0C174AE24E81C7B008B0554 /* Build configuration list for PBXNativeTarget "VK" */;
			buildPhases = (
				D0C1749624E81C76008B0554 /* Sources */,
				D0C1749724E81C76008B0554 /* Frameworks */,
				D0C1749824E81C76008B0554 /* Resources */,
			);
			buildRules = (
			);
			dependencies = (
			);
			name = VK;
			productName = VK;
			productReference = D0C1749A24E81C76008B0554 /* VK.app */;
			productType = "com.apple.product-type.application";
		};
/* End PBXNativeTarget section */

/* Begin PBXProject section */
		D0C1749224E81C76008B0554 /* Project object */ = {
			isa = PBXProject;
			attributes = {
				LastSwiftUpdateCheck = 1160;
				LastUpgradeCheck = 1160;
				ORGANIZATIONNAME = "Арина Кривенко";
				TargetAttributes = {
					D0C1749924E81C76008B0554 = {
						CreatedOnToolsVersion = 11.6;
					};
				};
			};
			buildConfigurationList = D0C1749524E81C76008B0554 /* Build configuration list for PBXProject "VK" */;
			compatibilityVersion = "Xcode 9.3";
			developmentRegion = en;
			hasScannedForEncodings = 0;
			knownRegions = (
				en,
				Base,
			);
			mainGroup = D0C1749124E81C76008B0554;
			productRefGroup = D0C1749B24E81C76008B0554 /* Products */;
			projectDirPath = "";
			projectRoot = "";
			targets = (
				D0C1749924E81C76008B0554 /* VK */,
			);
		};
/* End PBXProject section */

/* Begin PBXResourcesBuildPhase section */
		D0C1749824E81C76008B0554 /* Resources */ = {
			isa = PBXResourcesBuildPhase;
			buildActionMask = 2147483647;
			files = (
				D0C174AA24E81C7B008B0554 /* LaunchScreen.storyboard in Resources */,
				D0C174A724E81C7B008B0554 /* Assets.xcassets in Resources */,
				D0C174A524E81C76008B0554 /* Main.storyboard in Resources */,
			);
			runOnlyForDeploymentPostprocessing = 0;
		};
/* End PBXResourcesBuildPhase section */

/* Begin PBXSourcesBuildPhase section */
		D0C1749624E81C76008B0554 /* Sources */ = {
			isa = PBXSourcesBuildPhase;
			buildActionMask = 2147483647;
			files = (
				D045696624F276A50091AB7B /* NewGroupsCell.swift in Sources */,
				D0D5D03C2559ECE5004CE174 /* SearchView.swift in Sources */,
				D0C174A224E81C76008B0554 /* ViewController.swift in Sources */,
				D045696324F189670091AB7B /* MyGroupsViewController.swift in Sources */,
				D0D5D030255475E7004CE174 /* HomePageViewController.swift in Sources */,
				D0C1749E24E81C76008B0554 /* AppDelegate.swift in Sources */,
				D045696D24F29C410091AB7B /* PhotoFriendViewController.swift in Sources */,
				D0C174A024E81C76008B0554 /* SceneDelegate.swift in Sources */,
				D045697324F2F60B0091AB7B /* Group.swift in Sources */,
				D04E0E2424FD03C100E2DA06 /* LikeControl.swift in Sources */,
				D045695A24F15E540091AB7B /* MyFriendsCell.swift in Sources */,
				D045696B24F29BED0091AB7B /* PhotoFriendCell.swift in Sources */,
				D045697024F2F5E90091AB7B /* User.swift in Sources */,
				D0D5D029255458FC004CE174 /* LetterPicker.swift in Sources */,
				D045695D24F162830091AB7B /* FriendsViewController.swift in Sources */,
				D045696024F1829E0091AB7B /* MyGroupsCell.swift in Sources */,
				D0D5D034255475F8004CE174 /* HomePageCell.swift in Sources */,
				D0D5D0262553ECEF004CE174 /* AvatarView.swift in Sources */,
				D045696824F276CC0091AB7B /* NewGroupsViewController.swift in Sources */,
			);
			runOnlyForDeploymentPostprocessing = 0;
		};
/* End PBXSourcesBuildPhase section */

/* Begin PBXVariantGroup section */
		D0C174A324E81C76008B0554 /* Main.storyboard */ = {
			isa = PBXVariantGroup;
			children = (
				D0C174A424E81C76008B0554 /* Base */,
			);
			name = Main.storyboard;
			sourceTree = "<group>";
		};
		D0C174A824E81C7B008B0554 /* LaunchScreen.storyboard */ = {
			isa = PBXVariantGroup;
			children = (
				D0C174A924E81C7B008B0554 /* Base */,
			);
			name = LaunchScreen.storyboard;
			sourceTree = "<group>";
		};
/* End PBXVariantGroup section */

/* Begin XCBuildConfiguration section */
		D0C174AC24E81C7B008B0554 /* Debug */ = {
			isa = XCBuildConfiguration;
			buildSettings = {
				ALWAYS_SEARCH_USER_PATHS = NO;
				CLANG_ANALYZER_NONNULL = YES;
				CLANG_ANALYZER_NUMBER_OBJECT_CONVERSION = YES_AGGRESSIVE;
				CLANG_CXX_LANGUAGE_STANDARD = "gnu++14";
				CLANG_CXX_LIBRARY = "libc++";
				CLANG_ENABLE_MODULES = YES;
				CLANG_ENABLE_OBJC_ARC = YES;
				CLANG_ENABLE_OBJC_WEAK = YES;
				CLANG_WARN_BLOCK_CAPTURE_AUTORELEASING = YES;
				CLANG_WARN_BOOL_CONVERSION = YES;
				CLANG_WARN_COMMA = YES;
				CLANG_WARN_CONSTANT_CONVERSION = YES;
				CLANG_WARN_DEPRECATED_OBJC_IMPLEMENTATIONS = YES;
				CLANG_WARN_DIRECT_OBJC_ISA_USAGE = YES_ERROR;
				CLANG_WARN_DOCUMENTATION_COMMENTS = YES;
				CLANG_WARN_EMPTY_BODY = YES;
				CLANG_WARN_ENUM_CONVERSION = YES;
				CLANG_WARN_INFINITE_RECURSION = YES;
				CLANG_WARN_INT_CONVERSION = YES;
				CLANG_WARN_NON_LITERAL_NULL_CONVERSION = YES;
				CLANG_WARN_OBJC_IMPLICIT_RETAIN_SELF = YES;
				CLANG_WARN_OBJC_LITERAL_CONVERSION = YES;
				CLANG_WARN_OBJC_ROOT_CLASS = YES_ERROR;
				CLANG_WARN_RANGE_LOOP_ANALYSIS = YES;
				CLANG_WARN_STRICT_PROTOTYPES = YES;
				CLANG_WARN_SUSPICIOUS_MOVE = YES;
				CLANG_WARN_UNGUARDED_AVAILABILITY = YES_AGGRESSIVE;
				CLANG_WARN_UNREACHABLE_CODE = YES;
				CLANG_WARN__DUPLICATE_METHOD_MATCH = YES;
				COPY_PHASE_STRIP = NO;
				DEBUG_INFORMATION_FORMAT = dwarf;
				ENABLE_STRICT_OBJC_MSGSEND = YES;
				ENABLE_TESTABILITY = YES;
				GCC_C_LANGUAGE_STANDARD = gnu11;
				GCC_DYNAMIC_NO_PIC = NO;
				GCC_NO_COMMON_BLOCKS = YES;
				GCC_OPTIMIZATION_LEVEL = 0;
				GCC_PREPROCESSOR_DEFINITIONS = (
					"DEBUG=1",
					"$(inherited)",
				);
				GCC_WARN_64_TO_32_BIT_CONVERSION = YES;
				GCC_WARN_ABOUT_RETURN_TYPE = YES_ERROR;
				GCC_WARN_UNDECLARED_SELECTOR = YES;
				GCC_WARN_UNINITIALIZED_AUTOS = YES_AGGRESSIVE;
				GCC_WARN_UNUSED_FUNCTION = YES;
				GCC_WARN_UNUSED_VARIABLE = YES;
				IPHONEOS_DEPLOYMENT_TARGET = 13.6;
				MTL_ENABLE_DEBUG_INFO = INCLUDE_SOURCE;
				MTL_FAST_MATH = YES;
				ONLY_ACTIVE_ARCH = YES;
				SDKROOT = iphoneos;
				SWIFT_ACTIVE_COMPILATION_CONDITIONS = DEBUG;
				SWIFT_OPTIMIZATION_LEVEL = "-Onone";
			};
			name = Debug;
		};
		D0C174AD24E81C7B008B0554 /* Release */ = {
			isa = XCBuildConfiguration;
			buildSettings = {
				ALWAYS_SEARCH_USER_PATHS = NO;
				CLANG_ANALYZER_NONNULL = YES;
				CLANG_ANALYZER_NUMBER_OBJECT_CONVERSION = YES_AGGRESSIVE;
				CLANG_CXX_LANGUAGE_STANDARD = "gnu++14";
				CLANG_CXX_LIBRARY = "libc++";
				CLANG_ENABLE_MODULES = YES;
				CLANG_ENABLE_OBJC_ARC = YES;
				CLANG_ENABLE_OBJC_WEAK = YES;
				CLANG_WARN_BLOCK_CAPTURE_AUTORELEASING = YES;
				CLANG_WARN_BOOL_CONVERSION = YES;
				CLANG_WARN_COMMA = YES;
				CLANG_WARN_CONSTANT_CONVERSION = YES;
				CLANG_WARN_DEPRECATED_OBJC_IMPLEMENTATIONS = YES;
				CLANG_WARN_DIRECT_OBJC_ISA_USAGE = YES_ERROR;
				CLANG_WARN_DOCUMENTATION_COMMENTS = YES;
				CLANG_WARN_EMPTY_BODY = YES;
				CLANG_WARN_ENUM_CONVERSION = YES;
				CLANG_WARN_INFINITE_RECURSION = YES;
				CLANG_WARN_INT_CONVERSION = YES;
				CLANG_WARN_NON_LITERAL_NULL_CONVERSION = YES;
				CLANG_WARN_OBJC_IMPLICIT_RETAIN_SELF = YES;
				CLANG_WARN_OBJC_LITERAL_CONVERSION = YES;
				CLANG_WARN_OBJC_ROOT_CLASS = YES_ERROR;
				CLANG_WARN_RANGE_LOOP_ANALYSIS = YES;
				CLANG_WARN_STRICT_PROTOTYPES = YES;
				CLANG_WARN_SUSPICIOUS_MOVE = YES;
				CLANG_WARN_UNGUARDED_AVAILABILITY = YES_AGGRESSIVE;
				CLANG_WARN_UNREACHABLE_CODE = YES;
				CLANG_WARN__DUPLICATE_METHOD_MATCH = YES;
				COPY_PHASE_STRIP = NO;
				DEBUG_INFORMATION_FORMAT = "dwarf-with-dsym";
				ENABLE_NS_ASSERTIONS = NO;
				ENABLE_STRICT_OBJC_MSGSEND = YES;
				GCC_C_LANGUAGE_STANDARD = gnu11;
				GCC_NO_COMMON_BLOCKS = YES;
				GCC_WARN_64_TO_32_BIT_CONVERSION = YES;
				GCC_WARN_ABOUT_RETURN_TYPE = YES_ERROR;
				GCC_WARN_UNDECLARED_SELECTOR = YES;
				GCC_WARN_UNINITIALIZED_AUTOS = YES_AGGRESSIVE;
				GCC_WARN_UNUSED_FUNCTION = YES;
				GCC_WARN_UNUSED_VARIABLE = YES;
				IPHONEOS_DEPLOYMENT_TARGET = 13.6;
				MTL_ENABLE_DEBUG_INFO = NO;
				MTL_FAST_MATH = YES;
				SDKROOT = iphoneos;
				SWIFT_COMPILATION_MODE = wholemodule;
				SWIFT_OPTIMIZATION_LEVEL = "-O";
				VALIDATE_PRODUCT = YES;
			};
			name = Release;
		};
		D0C174AF24E81C7B008B0554 /* Debug */ = {
			isa = XCBuildConfiguration;
			buildSettings = {
				ASSETCATALOG_COMPILER_APPICON_NAME = AppIcon;
				CODE_SIGN_STYLE = Automatic;
				DEVELOPMENT_TEAM = 67839382UL;
				INFOPLIST_FILE = VK/Info.plist;
				LD_RUNPATH_SEARCH_PATHS = (
					"$(inherited)",
					"@executable_path/Frameworks",
				);
				PRODUCT_BUNDLE_IDENTIFIER = "arinakrivenko-icloud.com.VK";
				PRODUCT_NAME = "$(TARGET_NAME)";
				SWIFT_VERSION = 5.0;
				TARGETED_DEVICE_FAMILY = "1,2";
			};
			name = Debug;
		};
		D0C174B024E81C7B008B0554 /* Release */ = {
			isa = XCBuildConfiguration;
			buildSettings = {
				ASSETCATALOG_COMPILER_APPICON_NAME = AppIcon;
				CODE_SIGN_STYLE = Automatic;
				DEVELOPMENT_TEAM = 67839382UL;
				INFOPLIST_FILE = VK/Info.plist;
				LD_RUNPATH_SEARCH_PATHS = (
					"$(inherited)",
					"@executable_path/Frameworks",
				);
				PRODUCT_BUNDLE_IDENTIFIER = "arinakrivenko-icloud.com.VK";
				PRODUCT_NAME = "$(TARGET_NAME)";
				SWIFT_VERSION = 5.0;
				TARGETED_DEVICE_FAMILY = "1,2";
			};
			name = Release;
		};
/* End XCBuildConfiguration section */

/* Begin XCConfigurationList section */
		D0C1749524E81C76008B0554 /* Build configuration list for PBXProject "VK" */ = {
			isa = XCConfigurationList;
			buildConfigurations = (
				D0C174AC24E81C7B008B0554 /* Debug */,
				D0C174AD24E81C7B008B0554 /* Release */,
			);
			defaultConfigurationIsVisible = 0;
			defaultConfigurationName = Release;
		};
		D0C174AE24E81C7B008B0554 /* Build configuration list for PBXNativeTarget "VK" */ = {
			isa = XCConfigurationList;
			buildConfigurations = (
				D0C174AF24E81C7B008B0554 /* Debug */,
				D0C174B024E81C7B008B0554 /* Release */,
			);
			defaultConfigurationIsVisible = 0;
			defaultConfigurationName = Release;
		};
/* End XCConfigurationList section */
	};
	rootObject = D0C1749224E81C76008B0554 /* Project object */;
}
